
Microsoft Visual Studio Solution File, Format Version 12.00
# Visual Studio 2012
Project("{6989167D-11E4-40FE-8C1A-2192A86A7E90}") = "2-D K_model", "2-D P_model\2-D K_model.vfproj", "{608F5FE5-6883-481A-84D6-5DD76C3DCBFF}"
EndProject
Global
	GlobalSection(SolutionConfigurationPlatforms) = preSolution
		Debug|Win32 = Debug|Win32
		Release|Win32 = Release|Win32
	EndGlobalSection
	GlobalSection(ProjectConfigurationPlatforms) = postSolution
		{608F5FE5-6883-481A-84D6-5DD76C3DCBFF}.Debug|Win32.ActiveCfg = Debug|Win32
		{608F5FE5-6883-481A-84D6-5DD76C3DCBFF}.Debug|Win32.Build.0 = Debug|Win32
		{608F5FE5-6883-481A-84D6-5DD76C3DCBFF}.Release|Win32.ActiveCfg = Release|Win32
		{608F5FE5-6883-481A-84D6-5DD76C3DCBFF}.Release|Win32.Build.0 = Release|Win32
	EndGlobalSection
	GlobalSection(SolutionProperties) = preSolution
		HideSolutionNode = FALSE
	EndGlobalSection
EndGlobal
